
Microsoft Visual Studio Solution File, Format Version 12.00
# Visual Studio Version 17
VisualStudioVersion = 17.14.36518.9 d17.14
MinimumVisualStudioVersion = 10.0.40219.1
Project("{FAE04EC0-301F-11D3-BF4B-00C04F79EFBC}") = "LogApi", "LogApi.csproj", "{FAF7E91E-A32F-56A8-0656-AC7F9A0A265A}"
EndProject
Global
	GlobalSection(SolutionConfigurationPlatforms) = preSolution
		Debug|Any CPU = Debug|Any CPU
		Release|Any CPU = Release|Any CPU
	EndGlobalSection
	GlobalSection(ProjectConfigurationPlatforms) = postSolution
		{FAF7E91E-A32F-56A8-0656-AC7F9A0A265A}.Debug|Any CPU.ActiveCfg = Debug|Any CPU
		{FAF7E91E-A32F-56A8-0656-AC7F9A0A265A}.Debug|Any CPU.Build.0 = Debug|Any CPU
		{FAF7E91E-A32F-56A8-0656-AC7F9A0A265A}.Release|Any CPU.ActiveCfg = Release|Any CPU
		{FAF7E91E-A32F-56A8-0656-AC7F9A0A265A}.Release|Any CPU.Build.0 = Release|Any CPU
	EndGlobalSection
	GlobalSection(SolutionProperties) = preSolution
		HideSolutionNode = FALSE
	EndGlobalSection
	GlobalSection(ExtensibilityGlobals) = postSolution
		SolutionGuid = {881F288E-3FE7-4F78-B3F2-80868AA87332}
	EndGlobalSection
EndGlobal
