
Microsoft Visual Studio Solution File, Format Version 12.00
# Visual Studio Version 17
VisualStudioVersion = 17.14.36518.9 d17.14
MinimumVisualStudioVersion = 10.0.40219.1
Project("{FAE04EC0-301F-11D3-BF4B-00C04F79EFBC}") = "LoadBalancer", "LoadBalancer.csproj", "{2B82819A-435B-5CD0-8116-8BB428BAB587}"
EndProject
Global
	GlobalSection(SolutionConfigurationPlatforms) = preSolution
		Debug|Any CPU = Debug|Any CPU
		Release|Any CPU = Release|Any CPU
	EndGlobalSection
	GlobalSection(ProjectConfigurationPlatforms) = postSolution
		{2B82819A-435B-5CD0-8116-8BB428BAB587}.Debug|Any CPU.ActiveCfg = Debug|Any CPU
		{2B82819A-435B-5CD0-8116-8BB428BAB587}.Debug|Any CPU.Build.0 = Debug|Any CPU
		{2B82819A-435B-5CD0-8116-8BB428BAB587}.Release|Any CPU.ActiveCfg = Release|Any CPU
		{2B82819A-435B-5CD0-8116-8BB428BAB587}.Release|Any CPU.Build.0 = Release|Any CPU
	EndGlobalSection
	GlobalSection(SolutionProperties) = preSolution
		HideSolutionNode = FALSE
	EndGlobalSection
	GlobalSection(ExtensibilityGlobals) = postSolution
		SolutionGuid = {7AFCB337-1B5A-4A59-8AE2-A8D4870C6D67}
	EndGlobalSection
EndGlobal
